
Microsoft Visual Studio Solution File, Format Version 12.00
# Visual Studio Version 17
VisualStudioVersion = 17.9.34616.47
MinimumVisualStudioVersion = 10.0.40219.1
Project("{FAE04EC0-301F-11D3-BF4B-00C04F79EFBC}") = "PortalCompras", "PortalCompras.csproj", "{B2B7E8AF-DFBB-423A-AC92-AA72C4847C5B}"
EndProject
Global
	GlobalSection(SolutionConfigurationPlatforms) = preSolution
		Debug|Any CPU = Debug|Any CPU
		Release|Any CPU = Release|Any CPU
	EndGlobalSection
	GlobalSection(ProjectConfigurationPlatforms) = postSolution
		{B2B7E8AF-DFBB-423A-AC92-AA72C4847C5B}.Debug|Any CPU.ActiveCfg = Debug|Any CPU
		{B2B7E8AF-DFBB-423A-AC92-AA72C4847C5B}.Debug|Any CPU.Build.0 = Debug|Any CPU
		{B2B7E8AF-DFBB-423A-AC92-AA72C4847C5B}.Release|Any CPU.ActiveCfg = Release|Any CPU
		{B2B7E8AF-DFBB-423A-AC92-AA72C4847C5B}.Release|Any CPU.Build.0 = Release|Any CPU
	EndGlobalSection
	GlobalSection(SolutionProperties) = preSolution
		HideSolutionNode = FALSE
	EndGlobalSection
	GlobalSection(ExtensibilityGlobals) = postSolution
		SolutionGuid = {DE8F1C34-C0C8-4D6A-A475-6ECA5FC83AB5}
	EndGlobalSection
EndGlobal
